
Microsoft Visual Studio Solution File, Format Version 12.00
# Visual Studio Version 17
VisualStudioVersion = 17.0.31903.59
MinimumVisualStudioVersion = 10.0.40219.1
Project("{FAE04EC0-301F-11D3-BF4B-00C04F79EFBC}") = "Picea.Abies", "Picea.Abies\Picea.Abies.csproj", "{E172A1A7-8CBD-4DB6-A606-1EC6A85BDB80}"
EndProject
Project("{FAE04EC0-301F-11D3-BF4B-00C04F79EFBC}") = "Picea.Abies.Browser", "Picea.Abies.Browser\Picea.Abies.Browser.csproj", "{CDE9C879-858A-46E8-9F69-761D444F2BE6}"
EndProject
Project("{FAE04EC0-301F-11D3-BF4B-00C04F79EFBC}") = "Picea.Abies.Server", "Picea.Abies.Server\Picea.Abies.Server.csproj", "{C0811B03-BBFA-4995-96F1-A79A84F2F8D6}"
EndProject
Project("{FAE04EC0-301F-11D3-BF4B-00C04F79EFBC}") = "Picea.Abies.Server.Kestrel", "Picea.Abies.Server.Kestrel\Picea.Abies.Server.Kestrel.csproj", "{3EFA144D-6E33-4A63-9DB5-861951C2F0EF}"
EndProject
Project("{FAE04EC0-301F-11D3-BF4B-00C04F79EFBC}") = "Picea.Abies.Tests", "Picea.Abies.Tests\Picea.Abies.Tests.csproj", "{729187D7-AD87-4B45-A982-EB7760E6A96F}"
EndProject
Project("{FAE04EC0-301F-11D3-BF4B-00C04F79EFBC}") = "Picea.Abies.Server.Tests", "Picea.Abies.Server.Tests\Picea.Abies.Server.Tests.csproj", "{A72FDECF-9A40-41E2-B8C7-AE227102B118}"
EndProject
Project("{FAE04EC0-301F-11D3-BF4B-00C04F79EFBC}") = "Picea.Abies.Server.Kestrel.Tests", "Picea.Abies.Server.Kestrel.Tests\Picea.Abies.Server.Kestrel.Tests.csproj", "{CFDA28AD-9F02-47D5-A3C9-6E8D82BC840B}"
EndProject
Project("{FAE04EC0-301F-11D3-BF4B-00C04F79EFBC}") = "Picea.Abies.Counter", "Picea.Abies.Counter\Picea.Abies.Counter.csproj", "{70520712-348C-4F6D-8483-78EDE68CC6A0}"
EndProject
Project("{FAE04EC0-301F-11D3-BF4B-00C04F79EFBC}") = "Picea.Abies.Counter.Wasm", "Picea.Abies.Counter.Wasm\Picea.Abies.Counter.Wasm.csproj", "{E12AFA55-8464-4D3A-B797-DDD893D8E7A8}"
EndProject
Project("{FAE04EC0-301F-11D3-BF4B-00C04F79EFBC}") = "Picea.Abies.Counter.Wasm.Host", "Picea.Abies.Counter.Wasm.Host\Picea.Abies.Counter.Wasm.Host.csproj", "{42BDF85E-E4B6-4F8A-87AB-B08E2E93152B}"
EndProject
Project("{FAE04EC0-301F-11D3-BF4B-00C04F79EFBC}") = "Picea.Abies.Counter.Server", "Picea.Abies.Counter.Server\Picea.Abies.Counter.Server.csproj", "{80A2CB47-F388-45CA-B374-32268C251E1A}"
EndProject
Project("{FAE04EC0-301F-11D3-BF4B-00C04F79EFBC}") = "Picea.Abies.Counter.Testing.E2E", "Picea.Abies.Counter.Testing.E2E\Picea.Abies.Counter.Testing.E2E.csproj", "{093E7040-7D73-45C2-AE8D-51B1242D42CB}"
EndProject
Project("{FAE04EC0-301F-11D3-BF4B-00C04F79EFBC}") = "Picea.Abies.Conduit", "Picea.Abies.Conduit\Picea.Abies.Conduit.csproj", "{80C343DA-4D92-4D26-8E3F-675942DBCB3C}"
EndProject
Project("{FAE04EC0-301F-11D3-BF4B-00C04F79EFBC}") = "Picea.Abies.Conduit.App", "Picea.Abies.Conduit.App\Picea.Abies.Conduit.App.csproj", "{AAE70808-2DF1-4827-B798-8702502C6506}"
EndProject
Project("{FAE04EC0-301F-11D3-BF4B-00C04F79EFBC}") = "Picea.Abies.Conduit.Wasm", "Picea.Abies.Conduit.Wasm\Picea.Abies.Conduit.Wasm.csproj", "{7A892763-D1C7-4FE0-B306-CC016EA86EF6}"
EndProject
Project("{FAE04EC0-301F-11D3-BF4B-00C04F79EFBC}") = "Picea.Abies.Conduit.Server", "Picea.Abies.Conduit.Server\Picea.Abies.Conduit.Server.csproj", "{B516E3C0-5E89-4180-99FE-FC91AF3CA82C}"
EndProject
Project("{FAE04EC0-301F-11D3-BF4B-00C04F79EFBC}") = "Picea.Abies.Conduit.Tests", "Picea.Abies.Conduit.Tests\Picea.Abies.Conduit.Tests.csproj", "{89B4B6D3-D6BD-4C96-BC52-C5FBA6D416C1}"
EndProject
Project("{FAE04EC0-301F-11D3-BF4B-00C04F79EFBC}") = "Picea.Abies.Conduit.Wasm.Tests", "Picea.Abies.Conduit.Wasm.Tests\Picea.Abies.Conduit.Wasm.Tests.csproj", "{08881AE1-CCBD-48BA-B56E-A8C2BD8202D1}"
EndProject
Project("{FAE04EC0-301F-11D3-BF4B-00C04F79EFBC}") = "Picea.Abies.Analyzers", "Picea.Abies.Analyzers\Picea.Abies.Analyzers.csproj", "{5BD5ED5F-295E-404E-9A2B-191E0165EE76}"
EndProject
Project("{FAE04EC0-301F-11D3-BF4B-00C04F79EFBC}") = "Picea.Abies.Analyzers.Tests", "Picea.Abies.Analyzers.Tests\Picea.Abies.Analyzers.Tests.csproj", "{4DF9B34E-CFEC-40CE-BB30-3D26AED2BF37}"
EndProject
Project("{FAE04EC0-301F-11D3-BF4B-00C04F79EFBC}") = "Picea.Abies.Conduit.AppHost", "Picea.Abies.Conduit.AppHost\Picea.Abies.Conduit.AppHost.csproj", "{D99B8099-789E-4A26-9BF3-68774FA5A656}"
EndProject
Project("{FAE04EC0-301F-11D3-BF4B-00C04F79EFBC}") = "Picea.Abies.Conduit.ServiceDefaults", "Picea.Abies.Conduit.ServiceDefaults\Picea.Abies.Conduit.ServiceDefaults.csproj", "{C2D94DC0-D489-42F2-80B8-38D89B2F8B7D}"
EndProject
Project("{FAE04EC0-301F-11D3-BF4B-00C04F79EFBC}") = "Abies", "Metapackages\Abies\Abies.csproj", "{5D9410A9-9183-4A60-9D31-5E87EF4C107D}"
EndProject
Project("{FAE04EC0-301F-11D3-BF4B-00C04F79EFBC}") = "Abies.Browser", "Metapackages\Abies.Browser\Abies.Browser.csproj", "{925AD996-CEB9-44B6-88DC-83A008284815}"
EndProject
Project("{FAE04EC0-301F-11D3-BF4B-00C04F79EFBC}") = "Abies.Server", "Metapackages\Abies.Server\Abies.Server.csproj", "{6D8838A7-8A5E-4D4D-9378-20052BE816E7}"
EndProject
Project("{FAE04EC0-301F-11D3-BF4B-00C04F79EFBC}") = "Picea.Abies.Templates", "Picea.Abies.Templates\Picea.Abies.Templates.csproj", "{B5D6A754-2654-46CF-9962-E61C8910D655}"
EndProject
Project("{FAE04EC0-301F-11D3-BF4B-00C04F79EFBC}") = "Picea.Abies.Conduit.Testing.E2E", "Picea.Abies.Conduit.Testing.E2E\Picea.Abies.Conduit.Testing.E2E.csproj", "{31FCAA78-A946-4444-8D5E-2B408B6B9885}"
EndProject
Project("{FAE04EC0-301F-11D3-BF4B-00C04F79EFBC}") = "Picea.Abies.Conduit.Api", "Picea.Abies.Conduit.Api\Picea.Abies.Conduit.Api.csproj", "{F59360A3-C728-4AE1-9DDB-8A78208AFFB9}"
EndProject
Project("{FAE04EC0-301F-11D3-BF4B-00C04F79EFBC}") = "Picea.Abies.Conduit.ReadStore.PostgreSQL", "Picea.Abies.Conduit.ReadStore.PostgreSQL\Picea.Abies.Conduit.ReadStore.PostgreSQL.csproj", "{7AAAA089-2C77-49E5-8736-13681F2F41F3}"
EndProject
Project("{FAE04EC0-301F-11D3-BF4B-00C04F79EFBC}") = "Picea.Abies.Conduit.Api.Tests", "Picea.Abies.Conduit.Api.Tests\Picea.Abies.Conduit.Api.Tests.csproj", "{D9A92A7A-216F-4BD4-AFE9-A2387C37A392}"
EndProject
Project("{FAE04EC0-301F-11D3-BF4B-00C04F79EFBC}") = "Picea.Abies.Conduit.ReadStore.PostgreSQL.Tests", "Picea.Abies.Conduit.ReadStore.PostgreSQL.Tests\Picea.Abies.Conduit.ReadStore.PostgreSQL.Tests.csproj", "{85E14090-60E4-48CA-B034-D37677042E11}"
EndProject
Project("{FAE04EC0-301F-11D3-BF4B-00C04F79EFBC}") = "Picea.Abies.Benchmarks", "Picea.Abies.Benchmarks\Picea.Abies.Benchmarks.csproj", "{2A0CE89D-9EFE-4850-8E05-BE63CB8B525A}"
EndProject
Project("{FAE04EC0-301F-11D3-BF4B-00C04F79EFBC}") = "Picea.Abies.Benchmark.Wasm", "Picea.Abies.Benchmark.Wasm\Picea.Abies.Benchmark.Wasm.csproj", "{DB33FDBA-BCA9-4435-B67F-F8C401FE44E4}"
EndProject
Project("{FAE04EC0-301F-11D3-BF4B-00C04F79EFBC}") = "Picea.Abies.Presentation", "Picea.Abies.Presentation\Picea.Abies.Presentation.csproj", "{1BC7FA4A-159D-436F-B487-2D8DFA45AB36}"
EndProject
Project("{FAE04EC0-301F-11D3-BF4B-00C04F79EFBC}") = "Picea.Abies.SubscriptionsDemo", "Picea.Abies.SubscriptionsDemo\Picea.Abies.SubscriptionsDemo.csproj", "{EF404A9F-4259-4487-A57A-15926A582C5C}"
EndProject
Project("{FAE04EC0-301F-11D3-BF4B-00C04F79EFBC}") = "Picea.Abies.Templates.Testing", "Picea.Abies.Templates.Testing\Picea.Abies.Templates.Testing.csproj", "{BEE4996E-17EE-4CC2-8D3F-07B28957599C}"
EndProject
Global
	GlobalSection(SolutionConfigurationPlatforms) = preSolution
		Debug|Any CPU = Debug|Any CPU
		Debug|x64 = Debug|x64
		Debug|x86 = Debug|x86
		Release|Any CPU = Release|Any CPU
		Release|x64 = Release|x64
		Release|x86 = Release|x86
	EndGlobalSection
	GlobalSection(ProjectConfigurationPlatforms) = postSolution
		{E172A1A7-8CBD-4DB6-A606-1EC6A85BDB80}.Debug|Any CPU.ActiveCfg = Debug|Any CPU
		{E172A1A7-8CBD-4DB6-A606-1EC6A85BDB80}.Debug|Any CPU.Build.0 = Debug|Any CPU
		{E172A1A7-8CBD-4DB6-A606-1EC6A85BDB80}.Debug|x64.ActiveCfg = Debug|Any CPU
		{E172A1A7-8CBD-4DB6-A606-1EC6A85BDB80}.Debug|x64.Build.0 = Debug|Any CPU
		{E172A1A7-8CBD-4DB6-A606-1EC6A85BDB80}.Debug|x86.ActiveCfg = Debug|Any CPU
		{E172A1A7-8CBD-4DB6-A606-1EC6A85BDB80}.Debug|x86.Build.0 = Debug|Any CPU
		{E172A1A7-8CBD-4DB6-A606-1EC6A85BDB80}.Release|Any CPU.ActiveCfg = Release|Any CPU
		{E172A1A7-8CBD-4DB6-A606-1EC6A85BDB80}.Release|Any CPU.Build.0 = Release|Any CPU
		{E172A1A7-8CBD-4DB6-A606-1EC6A85BDB80}.Release|x64.ActiveCfg = Release|Any CPU
		{E172A1A7-8CBD-4DB6-A606-1EC6A85BDB80}.Release|x64.Build.0 = Release|Any CPU
		{E172A1A7-8CBD-4DB6-A606-1EC6A85BDB80}.Release|x86.ActiveCfg = Release|Any CPU
		{E172A1A7-8CBD-4DB6-A606-1EC6A85BDB80}.Release|x86.Build.0 = Release|Any CPU
		{CDE9C879-858A-46E8-9F69-761D444F2BE6}.Debug|Any CPU.ActiveCfg = Debug|Any CPU
		{CDE9C879-858A-46E8-9F69-761D444F2BE6}.Debug|Any CPU.Build.0 = Debug|Any CPU
		{CDE9C879-858A-46E8-9F69-761D444F2BE6}.Debug|x64.ActiveCfg = Debug|Any CPU
		{CDE9C879-858A-46E8-9F69-761D444F2BE6}.Debug|x64.Build.0 = Debug|Any CPU
		{CDE9C879-858A-46E8-9F69-761D444F2BE6}.Debug|x86.ActiveCfg = Debug|Any CPU
		{CDE9C879-858A-46E8-9F69-761D444F2BE6}.Debug|x86.Build.0 = Debug|Any CPU
		{CDE9C879-858A-46E8-9F69-761D444F2BE6}.Release|Any CPU.ActiveCfg = Release|Any CPU
		{CDE9C879-858A-46E8-9F69-761D444F2BE6}.Release|Any CPU.Build.0 = Release|Any CPU
		{CDE9C879-858A-46E8-9F69-761D444F2BE6}.Release|x64.ActiveCfg = Release|Any CPU
		{CDE9C879-858A-46E8-9F69-761D444F2BE6}.Release|x64.Build.0 = Release|Any CPU
		{CDE9C879-858A-46E8-9F69-761D444F2BE6}.Release|x86.ActiveCfg = Release|Any CPU
		{CDE9C879-858A-46E8-9F69-761D444F2BE6}.Release|x86.Build.0 = Release|Any CPU
		{C0811B03-BBFA-4995-96F1-A79A84F2F8D6}.Debug|Any CPU.ActiveCfg = Debug|Any CPU
		{C0811B03-BBFA-4995-96F1-A79A84F2F8D6}.Debug|Any CPU.Build.0 = Debug|Any CPU
		{C0811B03-BBFA-4995-96F1-A79A84F2F8D6}.Debug|x64.ActiveCfg = Debug|Any CPU
		{C0811B03-BBFA-4995-96F1-A79A84F2F8D6}.Debug|x64.Build.0 = Debug|Any CPU
		{C0811B03-BBFA-4995-96F1-A79A84F2F8D6}.Debug|x86.ActiveCfg = Debug|Any CPU
		{C0811B03-BBFA-4995-96F1-A79A84F2F8D6}.Debug|x86.Build.0 = Debug|Any CPU
		{C0811B03-BBFA-4995-96F1-A79A84F2F8D6}.Release|Any CPU.ActiveCfg = Release|Any CPU
		{C0811B03-BBFA-4995-96F1-A79A84F2F8D6}.Release|Any CPU.Build.0 = Release|Any CPU
		{C0811B03-BBFA-4995-96F1-A79A84F2F8D6}.Release|x64.ActiveCfg = Release|Any CPU
		{C0811B03-BBFA-4995-96F1-A79A84F2F8D6}.Release|x64.Build.0 = Release|Any CPU
		{C0811B03-BBFA-4995-96F1-A79A84F2F8D6}.Release|x86.ActiveCfg = Release|Any CPU
		{C0811B03-BBFA-4995-96F1-A79A84F2F8D6}.Release|x86.Build.0 = Release|Any CPU
		{3EFA144D-6E33-4A63-9DB5-861951C2F0EF}.Debug|Any CPU.ActiveCfg = Debug|Any CPU
		{3EFA144D-6E33-4A63-9DB5-861951C2F0EF}.Debug|Any CPU.Build.0 = Debug|Any CPU
		{3EFA144D-6E33-4A63-9DB5-861951C2F0EF}.Debug|x64.ActiveCfg = Debug|Any CPU
		{3EFA144D-6E33-4A63-9DB5-861951C2F0EF}.Debug|x64.Build.0 = Debug|Any CPU
		{3EFA144D-6E33-4A63-9DB5-861951C2F0EF}.Debug|x86.ActiveCfg = Debug|Any CPU
		{3EFA144D-6E33-4A63-9DB5-861951C2F0EF}.Debug|x86.Build.0 = Debug|Any CPU
		{3EFA144D-6E33-4A63-9DB5-861951C2F0EF}.Release|Any CPU.ActiveCfg = Release|Any CPU
		{3EFA144D-6E33-4A63-9DB5-861951C2F0EF}.Release|Any CPU.Build.0 = Release|Any CPU
		{3EFA144D-6E33-4A63-9DB5-861951C2F0EF}.Release|x64.ActiveCfg = Release|Any CPU
		{3EFA144D-6E33-4A63-9DB5-861951C2F0EF}.Release|x64.Build.0 = Release|Any CPU
		{3EFA144D-6E33-4A63-9DB5-861951C2F0EF}.Release|x86.ActiveCfg = Release|Any CPU
		{3EFA144D-6E33-4A63-9DB5-861951C2F0EF}.Release|x86.Build.0 = Release|Any CPU
		{729187D7-AD87-4B45-A982-EB7760E6A96F}.Debug|Any CPU.ActiveCfg = Debug|Any CPU
		{729187D7-AD87-4B45-A982-EB7760E6A96F}.Debug|Any CPU.Build.0 = Debug|Any CPU
		{729187D7-AD87-4B45-A982-EB7760E6A96F}.Debug|x64.ActiveCfg = Debug|Any CPU
		{729187D7-AD87-4B45-A982-EB7760E6A96F}.Debug|x64.Build.0 = Debug|Any CPU
		{729187D7-AD87-4B45-A982-EB7760E6A96F}.Debug|x86.ActiveCfg = Debug|Any CPU
		{729187D7-AD87-4B45-A982-EB7760E6A96F}.Debug|x86.Build.0 = Debug|Any CPU
		{729187D7-AD87-4B45-A982-EB7760E6A96F}.Release|Any CPU.ActiveCfg = Release|Any CPU
		{729187D7-AD87-4B45-A982-EB7760E6A96F}.Release|Any CPU.Build.0 = Release|Any CPU
		{729187D7-AD87-4B45-A982-EB7760E6A96F}.Release|x64.ActiveCfg = Release|Any CPU
		{729187D7-AD87-4B45-A982-EB7760E6A96F}.Release|x64.Build.0 = Release|Any CPU
		{729187D7-AD87-4B45-A982-EB7760E6A96F}.Release|x86.ActiveCfg = Release|Any CPU
		{729187D7-AD87-4B45-A982-EB7760E6A96F}.Release|x86.Build.0 = Release|Any CPU
		{A72FDECF-9A40-41E2-B8C7-AE227102B118}.Debug|Any CPU.ActiveCfg = Debug|Any CPU
		{A72FDECF-9A40-41E2-B8C7-AE227102B118}.Debug|Any CPU.Build.0 = Debug|Any CPU
		{A72FDECF-9A40-41E2-B8C7-AE227102B118}.Debug|x64.ActiveCfg = Debug|Any CPU
		{A72FDECF-9A40-41E2-B8C7-AE227102B118}.Debug|x64.Build.0 = Debug|Any CPU
		{A72FDECF-9A40-41E2-B8C7-AE227102B118}.Debug|x86.ActiveCfg = Debug|Any CPU
		{A72FDECF-9A40-41E2-B8C7-AE227102B118}.Debug|x86.Build.0 = Debug|Any CPU
		{A72FDECF-9A40-41E2-B8C7-AE227102B118}.Release|Any CPU.ActiveCfg = Release|Any CPU
		{A72FDECF-9A40-41E2-B8C7-AE227102B118}.Release|Any CPU.Build.0 = Release|Any CPU
		{A72FDECF-9A40-41E2-B8C7-AE227102B118}.Release|x64.ActiveCfg = Release|Any CPU
		{A72FDECF-9A40-41E2-B8C7-AE227102B118}.Release|x64.Build.0 = Release|Any CPU
		{A72FDECF-9A40-41E2-B8C7-AE227102B118}.Release|x86.ActiveCfg = Release|Any CPU
		{A72FDECF-9A40-41E2-B8C7-AE227102B118}.Release|x86.Build.0 = Release|Any CPU
		{CFDA28AD-9F02-47D5-A3C9-6E8D82BC840B}.Debug|Any CPU.ActiveCfg = Debug|Any CPU
		{CFDA28AD-9F02-47D5-A3C9-6E8D82BC840B}.Debug|Any CPU.Build.0 = Debug|Any CPU
		{CFDA28AD-9F02-47D5-A3C9-6E8D82BC840B}.Debug|x64.ActiveCfg = Debug|Any CPU
		{CFDA28AD-9F02-47D5-A3C9-6E8D82BC840B}.Debug|x64.Build.0 = Debug|Any CPU
		{CFDA28AD-9F02-47D5-A3C9-6E8D82BC840B}.Debug|x86.ActiveCfg = Debug|Any CPU
		{CFDA28AD-9F02-47D5-A3C9-6E8D82BC840B}.Debug|x86.Build.0 = Debug|Any CPU
		{CFDA28AD-9F02-47D5-A3C9-6E8D82BC840B}.Release|Any CPU.ActiveCfg = Release|Any CPU
		{CFDA28AD-9F02-47D5-A3C9-6E8D82BC840B}.Release|Any CPU.Build.0 = Release|Any CPU
		{CFDA28AD-9F02-47D5-A3C9-6E8D82BC840B}.Release|x64.ActiveCfg = Release|Any CPU
		{CFDA28AD-9F02-47D5-A3C9-6E8D82BC840B}.Release|x64.Build.0 = Release|Any CPU
		{CFDA28AD-9F02-47D5-A3C9-6E8D82BC840B}.Release|x86.ActiveCfg = Release|Any CPU
		{CFDA28AD-9F02-47D5-A3C9-6E8D82BC840B}.Release|x86.Build.0 = Release|Any CPU
		{70520712-348C-4F6D-8483-78EDE68CC6A0}.Debug|Any CPU.ActiveCfg = Debug|Any CPU
		{70520712-348C-4F6D-8483-78EDE68CC6A0}.Debug|Any CPU.Build.0 = Debug|Any CPU
		{70520712-348C-4F6D-8483-78EDE68CC6A0}.Debug|x64.ActiveCfg = Debug|Any CPU
		{70520712-348C-4F6D-8483-78EDE68CC6A0}.Debug|x64.Build.0 = Debug|Any CPU
		{70520712-348C-4F6D-8483-78EDE68CC6A0}.Debug|x86.ActiveCfg = Debug|Any CPU
		{70520712-348C-4F6D-8483-78EDE68CC6A0}.Debug|x86.Build.0 = Debug|Any CPU
		{70520712-348C-4F6D-8483-78EDE68CC6A0}.Release|Any CPU.ActiveCfg = Release|Any CPU
		{70520712-348C-4F6D-8483-78EDE68CC6A0}.Release|Any CPU.Build.0 = Release|Any CPU
		{70520712-348C-4F6D-8483-78EDE68CC6A0}.Release|x64.ActiveCfg = Release|Any CPU
		{70520712-348C-4F6D-8483-78EDE68CC6A0}.Release|x64.Build.0 = Release|Any CPU
		{70520712-348C-4F6D-8483-78EDE68CC6A0}.Release|x86.ActiveCfg = Release|Any CPU
		{70520712-348C-4F6D-8483-78EDE68CC6A0}.Release|x86.Build.0 = Release|Any CPU
		{E12AFA55-8464-4D3A-B797-DDD893D8E7A8}.Debug|Any CPU.ActiveCfg = Debug|Any CPU
		{E12AFA55-8464-4D3A-B797-DDD893D8E7A8}.Debug|Any CPU.Build.0 = Debug|Any CPU
		{E12AFA55-8464-4D3A-B797-DDD893D8E7A8}.Debug|x64.ActiveCfg = Debug|Any CPU
		{E12AFA55-8464-4D3A-B797-DDD893D8E7A8}.Debug|x64.Build.0 = Debug|Any CPU
		{E12AFA55-8464-4D3A-B797-DDD893D8E7A8}.Debug|x86.ActiveCfg = Debug|Any CPU
		{E12AFA55-8464-4D3A-B797-DDD893D8E7A8}.Debug|x86.Build.0 = Debug|Any CPU
		{E12AFA55-8464-4D3A-B797-DDD893D8E7A8}.Release|Any CPU.ActiveCfg = Release|Any CPU
		{E12AFA55-8464-4D3A-B797-DDD893D8E7A8}.Release|Any CPU.Build.0 = Release|Any CPU
		{E12AFA55-8464-4D3A-B797-DDD893D8E7A8}.Release|x64.ActiveCfg = Release|Any CPU
		{E12AFA55-8464-4D3A-B797-DDD893D8E7A8}.Release|x64.Build.0 = Release|Any CPU
		{E12AFA55-8464-4D3A-B797-DDD893D8E7A8}.Release|x86.ActiveCfg = Release|Any CPU
		{E12AFA55-8464-4D3A-B797-DDD893D8E7A8}.Release|x86.Build.0 = Release|Any CPU
		{42BDF85E-E4B6-4F8A-87AB-B08E2E93152B}.Debug|Any CPU.ActiveCfg = Debug|Any CPU
		{42BDF85E-E4B6-4F8A-87AB-B08E2E93152B}.Debug|Any CPU.Build.0 = Debug|Any CPU
		{42BDF85E-E4B6-4F8A-87AB-B08E2E93152B}.Debug|x64.ActiveCfg = Debug|Any CPU
		{42BDF85E-E4B6-4F8A-87AB-B08E2E93152B}.Debug|x64.Build.0 = Debug|Any CPU
		{42BDF85E-E4B6-4F8A-87AB-B08E2E93152B}.Debug|x86.ActiveCfg = Debug|Any CPU
		{42BDF85E-E4B6-4F8A-87AB-B08E2E93152B}.Debug|x86.Build.0 = Debug|Any CPU
		{42BDF85E-E4B6-4F8A-87AB-B08E2E93152B}.Release|Any CPU.ActiveCfg = Release|Any CPU
		{42BDF85E-E4B6-4F8A-87AB-B08E2E93152B}.Release|Any CPU.Build.0 = Release|Any CPU
		{42BDF85E-E4B6-4F8A-87AB-B08E2E93152B}.Release|x64.ActiveCfg = Release|Any CPU
		{42BDF85E-E4B6-4F8A-87AB-B08E2E93152B}.Release|x64.Build.0 = Release|Any CPU
		{42BDF85E-E4B6-4F8A-87AB-B08E2E93152B}.Release|x86.ActiveCfg = Release|Any CPU
		{42BDF85E-E4B6-4F8A-87AB-B08E2E93152B}.Release|x86.Build.0 = Release|Any CPU
		{80A2CB47-F388-45CA-B374-32268C251E1A}.Debug|Any CPU.ActiveCfg = Debug|Any CPU
		{80A2CB47-F388-45CA-B374-32268C251E1A}.Debug|Any CPU.Build.0 = Debug|Any CPU
		{80A2CB47-F388-45CA-B374-32268C251E1A}.Debug|x64.ActiveCfg = Debug|Any CPU
		{80A2CB47-F388-45CA-B374-32268C251E1A}.Debug|x64.Build.0 = Debug|Any CPU
		{80A2CB47-F388-45CA-B374-32268C251E1A}.Debug|x86.ActiveCfg = Debug|Any CPU
		{80A2CB47-F388-45CA-B374-32268C251E1A}.Debug|x86.Build.0 = Debug|Any CPU
		{80A2CB47-F388-45CA-B374-32268C251E1A}.Release|Any CPU.ActiveCfg = Release|Any CPU
		{80A2CB47-F388-45CA-B374-32268C251E1A}.Release|Any CPU.Build.0 = Release|Any CPU
		{80A2CB47-F388-45CA-B374-32268C251E1A}.Release|x64.ActiveCfg = Release|Any CPU
		{80A2CB47-F388-45CA-B374-32268C251E1A}.Release|x64.Build.0 = Release|Any CPU
		{80A2CB47-F388-45CA-B374-32268C251E1A}.Release|x86.ActiveCfg = Release|Any CPU
		{80A2CB47-F388-45CA-B374-32268C251E1A}.Release|x86.Build.0 = Release|Any CPU
		{093E7040-7D73-45C2-AE8D-51B1242D42CB}.Debug|Any CPU.ActiveCfg = Debug|Any CPU
		{093E7040-7D73-45C2-AE8D-51B1242D42CB}.Debug|Any CPU.Build.0 = Debug|Any CPU
		{093E7040-7D73-45C2-AE8D-51B1242D42CB}.Debug|x64.ActiveCfg = Debug|Any CPU
		{093E7040-7D73-45C2-AE8D-51B1242D42CB}.Debug|x64.Build.0 = Debug|Any CPU
		{093E7040-7D73-45C2-AE8D-51B1242D42CB}.Debug|x86.ActiveCfg = Debug|Any CPU
		{093E7040-7D73-45C2-AE8D-51B1242D42CB}.Debug|x86.Build.0 = Debug|Any CPU
		{093E7040-7D73-45C2-AE8D-51B1242D42CB}.Release|Any CPU.ActiveCfg = Release|Any CPU
		{093E7040-7D73-45C2-AE8D-51B1242D42CB}.Release|Any CPU.Build.0 = Release|Any CPU
		{093E7040-7D73-45C2-AE8D-51B1242D42CB}.Release|x64.ActiveCfg = Release|Any CPU
		{093E7040-7D73-45C2-AE8D-51B1242D42CB}.Release|x64.Build.0 = Release|Any CPU
		{093E7040-7D73-45C2-AE8D-51B1242D42CB}.Release|x86.ActiveCfg = Release|Any CPU
		{093E7040-7D73-45C2-AE8D-51B1242D42CB}.Release|x86.Build.0 = Release|Any CPU
		{80C343DA-4D92-4D26-8E3F-675942DBCB3C}.Debug|Any CPU.ActiveCfg = Debug|Any CPU
		{80C343DA-4D92-4D26-8E3F-675942DBCB3C}.Debug|Any CPU.Build.0 = Debug|Any CPU
		{80C343DA-4D92-4D26-8E3F-675942DBCB3C}.Debug|x64.ActiveCfg = Debug|Any CPU
		{80C343DA-4D92-4D26-8E3F-675942DBCB3C}.Debug|x64.Build.0 = Debug|Any CPU
		{80C343DA-4D92-4D26-8E3F-675942DBCB3C}.Debug|x86.ActiveCfg = Debug|Any CPU
		{80C343DA-4D92-4D26-8E3F-675942DBCB3C}.Debug|x86.Build.0 = Debug|Any CPU
		{80C343DA-4D92-4D26-8E3F-675942DBCB3C}.Release|Any CPU.ActiveCfg = Release|Any CPU
		{80C343DA-4D92-4D26-8E3F-675942DBCB3C}.Release|Any CPU.Build.0 = Release|Any CPU
		{80C343DA-4D92-4D26-8E3F-675942DBCB3C}.Release|x64.ActiveCfg = Release|Any CPU
		{80C343DA-4D92-4D26-8E3F-675942DBCB3C}.Release|x64.Build.0 = Release|Any CPU
		{80C343DA-4D92-4D26-8E3F-675942DBCB3C}.Release|x86.ActiveCfg = Release|Any CPU
		{80C343DA-4D92-4D26-8E3F-675942DBCB3C}.Release|x86.Build.0 = Release|Any CPU
		{AAE70808-2DF1-4827-B798-8702502C6506}.Debug|Any CPU.ActiveCfg = Debug|Any CPU
		{AAE70808-2DF1-4827-B798-8702502C6506}.Debug|Any CPU.Build.0 = Debug|Any CPU
		{AAE70808-2DF1-4827-B798-8702502C6506}.Debug|x64.ActiveCfg = Debug|Any CPU
		{AAE70808-2DF1-4827-B798-8702502C6506}.Debug|x64.Build.0 = Debug|Any CPU
		{AAE70808-2DF1-4827-B798-8702502C6506}.Debug|x86.ActiveCfg = Debug|Any CPU
		{AAE70808-2DF1-4827-B798-8702502C6506}.Debug|x86.Build.0 = Debug|Any CPU
		{AAE70808-2DF1-4827-B798-8702502C6506}.Release|Any CPU.ActiveCfg = Release|Any CPU
		{AAE70808-2DF1-4827-B798-8702502C6506}.Release|Any CPU.Build.0 = Release|Any CPU
		{AAE70808-2DF1-4827-B798-8702502C6506}.Release|x64.ActiveCfg = Release|Any CPU
		{AAE70808-2DF1-4827-B798-8702502C6506}.Release|x64.Build.0 = Release|Any CPU
		{AAE70808-2DF1-4827-B798-8702502C6506}.Release|x86.ActiveCfg = Release|Any CPU
		{AAE70808-2DF1-4827-B798-8702502C6506}.Release|x86.Build.0 = Release|Any CPU
		{7A892763-D1C7-4FE0-B306-CC016EA86EF6}.Debug|Any CPU.ActiveCfg = Debug|Any CPU
		{7A892763-D1C7-4FE0-B306-CC016EA86EF6}.Debug|Any CPU.Build.0 = Debug|Any CPU
		{7A892763-D1C7-4FE0-B306-CC016EA86EF6}.Debug|x64.ActiveCfg = Debug|Any CPU
		{7A892763-D1C7-4FE0-B306-CC016EA86EF6}.Debug|x64.Build.0 = Debug|Any CPU
		{7A892763-D1C7-4FE0-B306-CC016EA86EF6}.Debug|x86.ActiveCfg = Debug|Any CPU
		{7A892763-D1C7-4FE0-B306-CC016EA86EF6}.Debug|x86.Build.0 = Debug|Any CPU
		{7A892763-D1C7-4FE0-B306-CC016EA86EF6}.Release|Any CPU.ActiveCfg = Release|Any CPU
		{7A892763-D1C7-4FE0-B306-CC016EA86EF6}.Release|Any CPU.Build.0 = Release|Any CPU
		{7A892763-D1C7-4FE0-B306-CC016EA86EF6}.Release|x64.ActiveCfg = Release|Any CPU
		{7A892763-D1C7-4FE0-B306-CC016EA86EF6}.Release|x64.Build.0 = Release|Any CPU
		{7A892763-D1C7-4FE0-B306-CC016EA86EF6}.Release|x86.ActiveCfg = Release|Any CPU
		{7A892763-D1C7-4FE0-B306-CC016EA86EF6}.Release|x86.Build.0 = Release|Any CPU
		{B516E3C0-5E89-4180-99FE-FC91AF3CA82C}.Debug|Any CPU.ActiveCfg = Debug|Any CPU
		{B516E3C0-5E89-4180-99FE-FC91AF3CA82C}.Debug|Any CPU.Build.0 = Debug|Any CPU
		{B516E3C0-5E89-4180-99FE-FC91AF3CA82C}.Debug|x64.ActiveCfg = Debug|Any CPU
		{B516E3C0-5E89-4180-99FE-FC91AF3CA82C}.Debug|x64.Build.0 = Debug|Any CPU
		{B516E3C0-5E89-4180-99FE-FC91AF3CA82C}.Debug|x86.ActiveCfg = Debug|Any CPU
		{B516E3C0-5E89-4180-99FE-FC91AF3CA82C}.Debug|x86.Build.0 = Debug|Any CPU
		{B516E3C0-5E89-4180-99FE-FC91AF3CA82C}.Release|Any CPU.ActiveCfg = Release|Any CPU
		{B516E3C0-5E89-4180-99FE-FC91AF3CA82C}.Release|Any CPU.Build.0 = Release|Any CPU
		{B516E3C0-5E89-4180-99FE-FC91AF3CA82C}.Release|x64.ActiveCfg = Release|Any CPU
		{B516E3C0-5E89-4180-99FE-FC91AF3CA82C}.Release|x64.Build.0 = Release|Any CPU
		{B516E3C0-5E89-4180-99FE-FC91AF3CA82C}.Release|x86.ActiveCfg = Release|Any CPU
		{B516E3C0-5E89-4180-99FE-FC91AF3CA82C}.Release|x86.Build.0 = Release|Any CPU
		{89B4B6D3-D6BD-4C96-BC52-C5FBA6D416C1}.Debug|Any CPU.ActiveCfg = Debug|Any CPU
		{89B4B6D3-D6BD-4C96-BC52-C5FBA6D416C1}.Debug|Any CPU.Build.0 = Debug|Any CPU
		{89B4B6D3-D6BD-4C96-BC52-C5FBA6D416C1}.Debug|x64.ActiveCfg = Debug|Any CPU
		{89B4B6D3-D6BD-4C96-BC52-C5FBA6D416C1}.Debug|x64.Build.0 = Debug|Any CPU
		{89B4B6D3-D6BD-4C96-BC52-C5FBA6D416C1}.Debug|x86.ActiveCfg = Debug|Any CPU
		{89B4B6D3-D6BD-4C96-BC52-C5FBA6D416C1}.Debug|x86.Build.0 = Debug|Any CPU
		{89B4B6D3-D6BD-4C96-BC52-C5FBA6D416C1}.Release|Any CPU.ActiveCfg = Release|Any CPU
		{89B4B6D3-D6BD-4C96-BC52-C5FBA6D416C1}.Release|Any CPU.Build.0 = Release|Any CPU
		{89B4B6D3-D6BD-4C96-BC52-C5FBA6D416C1}.Release|x64.ActiveCfg = Release|Any CPU
		{89B4B6D3-D6BD-4C96-BC52-C5FBA6D416C1}.Release|x64.Build.0 = Release|Any CPU
		{89B4B6D3-D6BD-4C96-BC52-C5FBA6D416C1}.Release|x86.ActiveCfg = Release|Any CPU
		{89B4B6D3-D6BD-4C96-BC52-C5FBA6D416C1}.Release|x86.Build.0 = Release|Any CPU
		{08881AE1-CCBD-48BA-B56E-A8C2BD8202D1}.Debug|Any CPU.ActiveCfg = Debug|Any CPU
		{08881AE1-CCBD-48BA-B56E-A8C2BD8202D1}.Debug|Any CPU.Build.0 = Debug|Any CPU
		{08881AE1-CCBD-48BA-B56E-A8C2BD8202D1}.Debug|x64.ActiveCfg = Debug|Any CPU
		{08881AE1-CCBD-48BA-B56E-A8C2BD8202D1}.Debug|x64.Build.0 = Debug|Any CPU
		{08881AE1-CCBD-48BA-B56E-A8C2BD8202D1}.Debug|x86.ActiveCfg = Debug|Any CPU
		{08881AE1-CCBD-48BA-B56E-A8C2BD8202D1}.Debug|x86.Build.0 = Debug|Any CPU
		{08881AE1-CCBD-48BA-B56E-A8C2BD8202D1}.Release|Any CPU.ActiveCfg = Release|Any CPU
		{08881AE1-CCBD-48BA-B56E-A8C2BD8202D1}.Release|Any CPU.Build.0 = Release|Any CPU
		{08881AE1-CCBD-48BA-B56E-A8C2BD8202D1}.Release|x64.ActiveCfg = Release|Any CPU
		{08881AE1-CCBD-48BA-B56E-A8C2BD8202D1}.Release|x64.Build.0 = Release|Any CPU
		{08881AE1-CCBD-48BA-B56E-A8C2BD8202D1}.Release|x86.ActiveCfg = Release|Any CPU
		{08881AE1-CCBD-48BA-B56E-A8C2BD8202D1}.Release|x86.Build.0 = Release|Any CPU
		{5BD5ED5F-295E-404E-9A2B-191E0165EE76}.Debug|Any CPU.ActiveCfg = Debug|Any CPU
		{5BD5ED5F-295E-404E-9A2B-191E0165EE76}.Debug|Any CPU.Build.0 = Debug|Any CPU
		{5BD5ED5F-295E-404E-9A2B-191E0165EE76}.Debug|x64.ActiveCfg = Debug|Any CPU
		{5BD5ED5F-295E-404E-9A2B-191E0165EE76}.Debug|x64.Build.0 = Debug|Any CPU
		{5BD5ED5F-295E-404E-9A2B-191E0165EE76}.Debug|x86.ActiveCfg = Debug|Any CPU
		{5BD5ED5F-295E-404E-9A2B-191E0165EE76}.Debug|x86.Build.0 = Debug|Any CPU
		{5BD5ED5F-295E-404E-9A2B-191E0165EE76}.Release|Any CPU.ActiveCfg = Release|Any CPU
		{5BD5ED5F-295E-404E-9A2B-191E0165EE76}.Release|Any CPU.Build.0 = Release|Any CPU
		{5BD5ED5F-295E-404E-9A2B-191E0165EE76}.Release|x64.ActiveCfg = Release|Any CPU
		{5BD5ED5F-295E-404E-9A2B-191E0165EE76}.Release|x64.Build.0 = Release|Any CPU
		{5BD5ED5F-295E-404E-9A2B-191E0165EE76}.Release|x86.ActiveCfg = Release|Any CPU
		{5BD5ED5F-295E-404E-9A2B-191E0165EE76}.Release|x86.Build.0 = Release|Any CPU
		{4DF9B34E-CFEC-40CE-BB30-3D26AED2BF37}.Debug|Any CPU.ActiveCfg = Debug|Any CPU
		{4DF9B34E-CFEC-40CE-BB30-3D26AED2BF37}.Debug|Any CPU.Build.0 = Debug|Any CPU
		{4DF9B34E-CFEC-40CE-BB30-3D26AED2BF37}.Debug|x64.ActiveCfg = Debug|Any CPU
		{4DF9B34E-CFEC-40CE-BB30-3D26AED2BF37}.Debug|x64.Build.0 = Debug|Any CPU
		{4DF9B34E-CFEC-40CE-BB30-3D26AED2BF37}.Debug|x86.ActiveCfg = Debug|Any CPU
		{4DF9B34E-CFEC-40CE-BB30-3D26AED2BF37}.Debug|x86.Build.0 = Debug|Any CPU
		{4DF9B34E-CFEC-40CE-BB30-3D26AED2BF37}.Release|Any CPU.ActiveCfg = Release|Any CPU
		{4DF9B34E-CFEC-40CE-BB30-3D26AED2BF37}.Release|Any CPU.Build.0 = Release|Any CPU
		{4DF9B34E-CFEC-40CE-BB30-3D26AED2BF37}.Release|x64.ActiveCfg = Release|Any CPU
		{4DF9B34E-CFEC-40CE-BB30-3D26AED2BF37}.Release|x64.Build.0 = Release|Any CPU
		{4DF9B34E-CFEC-40CE-BB30-3D26AED2BF37}.Release|x86.ActiveCfg = Release|Any CPU
		{4DF9B34E-CFEC-40CE-BB30-3D26AED2BF37}.Release|x86.Build.0 = Release|Any CPU
		{D99B8099-789E-4A26-9BF3-68774FA5A656}.Debug|Any CPU.ActiveCfg = Debug|Any CPU
		{D99B8099-789E-4A26-9BF3-68774FA5A656}.Debug|Any CPU.Build.0 = Debug|Any CPU
		{D99B8099-789E-4A26-9BF3-68774FA5A656}.Debug|x64.ActiveCfg = Debug|Any CPU
		{D99B8099-789E-4A26-9BF3-68774FA5A656}.Debug|x64.Build.0 = Debug|Any CPU
		{D99B8099-789E-4A26-9BF3-68774FA5A656}.Debug|x86.ActiveCfg = Debug|Any CPU
		{D99B8099-789E-4A26-9BF3-68774FA5A656}.Debug|x86.Build.0 = Debug|Any CPU
		{D99B8099-789E-4A26-9BF3-68774FA5A656}.Release|Any CPU.ActiveCfg = Release|Any CPU
		{D99B8099-789E-4A26-9BF3-68774FA5A656}.Release|Any CPU.Build.0 = Release|Any CPU
		{D99B8099-789E-4A26-9BF3-68774FA5A656}.Release|x64.ActiveCfg = Release|Any CPU
		{D99B8099-789E-4A26-9BF3-68774FA5A656}.Release|x64.Build.0 = Release|Any CPU
		{D99B8099-789E-4A26-9BF3-68774FA5A656}.Release|x86.ActiveCfg = Release|Any CPU
		{D99B8099-789E-4A26-9BF3-68774FA5A656}.Release|x86.Build.0 = Release|Any CPU
		{C2D94DC0-D489-42F2-80B8-38D89B2F8B7D}.Debug|Any CPU.ActiveCfg = Debug|Any CPU
		{C2D94DC0-D489-42F2-80B8-38D89B2F8B7D}.Debug|Any CPU.Build.0 = Debug|Any CPU
		{C2D94DC0-D489-42F2-80B8-38D89B2F8B7D}.Debug|x64.ActiveCfg = Debug|Any CPU
		{C2D94DC0-D489-42F2-80B8-38D89B2F8B7D}.Debug|x64.Build.0 = Debug|Any CPU
		{C2D94DC0-D489-42F2-80B8-38D89B2F8B7D}.Debug|x86.ActiveCfg = Debug|Any CPU
		{C2D94DC0-D489-42F2-80B8-38D89B2F8B7D}.Debug|x86.Build.0 = Debug|Any CPU
		{C2D94DC0-D489-42F2-80B8-38D89B2F8B7D}.Release|Any CPU.ActiveCfg = Release|Any CPU
		{C2D94DC0-D489-42F2-80B8-38D89B2F8B7D}.Release|Any CPU.Build.0 = Release|Any CPU
		{C2D94DC0-D489-42F2-80B8-38D89B2F8B7D}.Release|x64.ActiveCfg = Release|Any CPU
		{C2D94DC0-D489-42F2-80B8-38D89B2F8B7D}.Release|x64.Build.0 = Release|Any CPU
		{C2D94DC0-D489-42F2-80B8-38D89B2F8B7D}.Release|x86.ActiveCfg = Release|Any CPU
		{C2D94DC0-D489-42F2-80B8-38D89B2F8B7D}.Release|x86.Build.0 = Release|Any CPU
		{5D9410A9-9183-4A60-9D31-5E87EF4C107D}.Debug|Any CPU.ActiveCfg = Debug|Any CPU
		{5D9410A9-9183-4A60-9D31-5E87EF4C107D}.Debug|Any CPU.Build.0 = Debug|Any CPU
		{5D9410A9-9183-4A60-9D31-5E87EF4C107D}.Debug|x64.ActiveCfg = Debug|Any CPU
		{5D9410A9-9183-4A60-9D31-5E87EF4C107D}.Debug|x64.Build.0 = Debug|Any CPU
		{5D9410A9-9183-4A60-9D31-5E87EF4C107D}.Debug|x86.ActiveCfg = Debug|Any CPU
		{5D9410A9-9183-4A60-9D31-5E87EF4C107D}.Debug|x86.Build.0 = Debug|Any CPU
		{5D9410A9-9183-4A60-9D31-5E87EF4C107D}.Release|Any CPU.ActiveCfg = Release|Any CPU
		{5D9410A9-9183-4A60-9D31-5E87EF4C107D}.Release|Any CPU.Build.0 = Release|Any CPU
		{5D9410A9-9183-4A60-9D31-5E87EF4C107D}.Release|x64.ActiveCfg = Release|Any CPU
		{5D9410A9-9183-4A60-9D31-5E87EF4C107D}.Release|x64.Build.0 = Release|Any CPU
		{5D9410A9-9183-4A60-9D31-5E87EF4C107D}.Release|x86.ActiveCfg = Release|Any CPU
		{5D9410A9-9183-4A60-9D31-5E87EF4C107D}.Release|x86.Build.0 = Release|Any CPU
		{925AD996-CEB9-44B6-88DC-83A008284815}.Debug|Any CPU.ActiveCfg = Debug|Any CPU
		{925AD996-CEB9-44B6-88DC-83A008284815}.Debug|Any CPU.Build.0 = Debug|Any CPU
		{925AD996-CEB9-44B6-88DC-83A008284815}.Debug|x64.ActiveCfg = Debug|Any CPU
		{925AD996-CEB9-44B6-88DC-83A008284815}.Debug|x64.Build.0 = Debug|Any CPU
		{925AD996-CEB9-44B6-88DC-83A008284815}.Debug|x86.ActiveCfg = Debug|Any CPU
		{925AD996-CEB9-44B6-88DC-83A008284815}.Debug|x86.Build.0 = Debug|Any CPU
		{925AD996-CEB9-44B6-88DC-83A008284815}.Release|Any CPU.ActiveCfg = Release|Any CPU
		{925AD996-CEB9-44B6-88DC-83A008284815}.Release|Any CPU.Build.0 = Release|Any CPU
		{925AD996-CEB9-44B6-88DC-83A008284815}.Release|x64.ActiveCfg = Release|Any CPU
		{925AD996-CEB9-44B6-88DC-83A008284815}.Release|x64.Build.0 = Release|Any CPU
		{925AD996-CEB9-44B6-88DC-83A008284815}.Release|x86.ActiveCfg = Release|Any CPU
		{925AD996-CEB9-44B6-88DC-83A008284815}.Release|x86.Build.0 = Release|Any CPU
		{6D8838A7-8A5E-4D4D-9378-20052BE816E7}.Debug|Any CPU.ActiveCfg = Debug|Any CPU
		{6D8838A7-8A5E-4D4D-9378-20052BE816E7}.Debug|Any CPU.Build.0 = Debug|Any CPU
		{6D8838A7-8A5E-4D4D-9378-20052BE816E7}.Debug|x64.ActiveCfg = Debug|Any CPU
		{6D8838A7-8A5E-4D4D-9378-20052BE816E7}.Debug|x64.Build.0 = Debug|Any CPU
		{6D8838A7-8A5E-4D4D-9378-20052BE816E7}.Debug|x86.ActiveCfg = Debug|Any CPU
		{6D8838A7-8A5E-4D4D-9378-20052BE816E7}.Debug|x86.Build.0 = Debug|Any CPU
		{6D8838A7-8A5E-4D4D-9378-20052BE816E7}.Release|Any CPU.ActiveCfg = Release|Any CPU
		{6D8838A7-8A5E-4D4D-9378-20052BE816E7}.Release|Any CPU.Build.0 = Release|Any CPU
		{6D8838A7-8A5E-4D4D-9378-20052BE816E7}.Release|x64.ActiveCfg = Release|Any CPU
		{6D8838A7-8A5E-4D4D-9378-20052BE816E7}.Release|x64.Build.0 = Release|Any CPU
		{6D8838A7-8A5E-4D4D-9378-20052BE816E7}.Release|x86.ActiveCfg = Release|Any CPU
		{6D8838A7-8A5E-4D4D-9378-20052BE816E7}.Release|x86.Build.0 = Release|Any CPU
		{B5D6A754-2654-46CF-9962-E61C8910D655}.Debug|Any CPU.ActiveCfg = Debug|Any CPU
		{B5D6A754-2654-46CF-9962-E61C8910D655}.Debug|Any CPU.Build.0 = Debug|Any CPU
		{B5D6A754-2654-46CF-9962-E61C8910D655}.Debug|x64.ActiveCfg = Debug|Any CPU
		{B5D6A754-2654-46CF-9962-E61C8910D655}.Debug|x64.Build.0 = Debug|Any CPU
		{B5D6A754-2654-46CF-9962-E61C8910D655}.Debug|x86.ActiveCfg = Debug|Any CPU
		{B5D6A754-2654-46CF-9962-E61C8910D655}.Debug|x86.Build.0 = Debug|Any CPU
		{B5D6A754-2654-46CF-9962-E61C8910D655}.Release|Any CPU.ActiveCfg = Release|Any CPU
		{B5D6A754-2654-46CF-9962-E61C8910D655}.Release|Any CPU.Build.0 = Release|Any CPU
		{B5D6A754-2654-46CF-9962-E61C8910D655}.Release|x64.ActiveCfg = Release|Any CPU
		{B5D6A754-2654-46CF-9962-E61C8910D655}.Release|x64.Build.0 = Release|Any CPU
		{B5D6A754-2654-46CF-9962-E61C8910D655}.Release|x86.ActiveCfg = Release|Any CPU
		{B5D6A754-2654-46CF-9962-E61C8910D655}.Release|x86.Build.0 = Release|Any CPU
		{31FCAA78-A946-4444-8D5E-2B408B6B9885}.Debug|Any CPU.ActiveCfg = Debug|Any CPU
		{31FCAA78-A946-4444-8D5E-2B408B6B9885}.Debug|Any CPU.Build.0 = Debug|Any CPU
		{31FCAA78-A946-4444-8D5E-2B408B6B9885}.Debug|x64.ActiveCfg = Debug|Any CPU
		{31FCAA78-A946-4444-8D5E-2B408B6B9885}.Debug|x64.Build.0 = Debug|Any CPU
		{31FCAA78-A946-4444-8D5E-2B408B6B9885}.Debug|x86.ActiveCfg = Debug|Any CPU
		{31FCAA78-A946-4444-8D5E-2B408B6B9885}.Debug|x86.Build.0 = Debug|Any CPU
		{31FCAA78-A946-4444-8D5E-2B408B6B9885}.Release|Any CPU.ActiveCfg = Release|Any CPU
		{31FCAA78-A946-4444-8D5E-2B408B6B9885}.Release|Any CPU.Build.0 = Release|Any CPU
		{31FCAA78-A946-4444-8D5E-2B408B6B9885}.Release|x64.ActiveCfg = Release|Any CPU
		{31FCAA78-A946-4444-8D5E-2B408B6B9885}.Release|x64.Build.0 = Release|Any CPU
		{31FCAA78-A946-4444-8D5E-2B408B6B9885}.Release|x86.ActiveCfg = Release|Any CPU
		{31FCAA78-A946-4444-8D5E-2B408B6B9885}.Release|x86.Build.0 = Release|Any CPU
		{F59360A3-C728-4AE1-9DDB-8A78208AFFB9}.Debug|Any CPU.ActiveCfg = Debug|Any CPU
		{F59360A3-C728-4AE1-9DDB-8A78208AFFB9}.Debug|Any CPU.Build.0 = Debug|Any CPU
		{F59360A3-C728-4AE1-9DDB-8A78208AFFB9}.Debug|x64.ActiveCfg = Debug|Any CPU
		{F59360A3-C728-4AE1-9DDB-8A78208AFFB9}.Debug|x64.Build.0 = Debug|Any CPU
		{F59360A3-C728-4AE1-9DDB-8A78208AFFB9}.Debug|x86.ActiveCfg = Debug|Any CPU
		{F59360A3-C728-4AE1-9DDB-8A78208AFFB9}.Debug|x86.Build.0 = Debug|Any CPU
		{F59360A3-C728-4AE1-9DDB-8A78208AFFB9}.Release|Any CPU.ActiveCfg = Release|Any CPU
		{F59360A3-C728-4AE1-9DDB-8A78208AFFB9}.Release|Any CPU.Build.0 = Release|Any CPU
		{F59360A3-C728-4AE1-9DDB-8A78208AFFB9}.Release|x64.ActiveCfg = Release|Any CPU
		{F59360A3-C728-4AE1-9DDB-8A78208AFFB9}.Release|x64.Build.0 = Release|Any CPU
		{F59360A3-C728-4AE1-9DDB-8A78208AFFB9}.Release|x86.ActiveCfg = Release|Any CPU
		{F59360A3-C728-4AE1-9DDB-8A78208AFFB9}.Release|x86.Build.0 = Release|Any CPU
		{7AAAA089-2C77-49E5-8736-13681F2F41F3}.Debug|Any CPU.ActiveCfg = Debug|Any CPU
		{7AAAA089-2C77-49E5-8736-13681F2F41F3}.Debug|Any CPU.Build.0 = Debug|Any CPU
		{7AAAA089-2C77-49E5-8736-13681F2F41F3}.Debug|x64.ActiveCfg = Debug|Any CPU
		{7AAAA089-2C77-49E5-8736-13681F2F41F3}.Debug|x64.Build.0 = Debug|Any CPU
		{7AAAA089-2C77-49E5-8736-13681F2F41F3}.Debug|x86.ActiveCfg = Debug|Any CPU
		{7AAAA089-2C77-49E5-8736-13681F2F41F3}.Debug|x86.Build.0 = Debug|Any CPU
		{7AAAA089-2C77-49E5-8736-13681F2F41F3}.Release|Any CPU.ActiveCfg = Release|Any CPU
		{7AAAA089-2C77-49E5-8736-13681F2F41F3}.Release|Any CPU.Build.0 = Release|Any CPU
		{7AAAA089-2C77-49E5-8736-13681F2F41F3}.Release|x64.ActiveCfg = Release|Any CPU
		{7AAAA089-2C77-49E5-8736-13681F2F41F3}.Release|x64.Build.0 = Release|Any CPU
		{7AAAA089-2C77-49E5-8736-13681F2F41F3}.Release|x86.ActiveCfg = Release|Any CPU
		{7AAAA089-2C77-49E5-8736-13681F2F41F3}.Release|x86.Build.0 = Release|Any CPU
		{D9A92A7A-216F-4BD4-AFE9-A2387C37A392}.Debug|Any CPU.ActiveCfg = Debug|Any CPU
		{D9A92A7A-216F-4BD4-AFE9-A2387C37A392}.Debug|Any CPU.Build.0 = Debug|Any CPU
		{D9A92A7A-216F-4BD4-AFE9-A2387C37A392}.Debug|x64.ActiveCfg = Debug|Any CPU
		{D9A92A7A-216F-4BD4-AFE9-A2387C37A392}.Debug|x64.Build.0 = Debug|Any CPU
		{D9A92A7A-216F-4BD4-AFE9-A2387C37A392}.Debug|x86.ActiveCfg = Debug|Any CPU
		{D9A92A7A-216F-4BD4-AFE9-A2387C37A392}.Debug|x86.Build.0 = Debug|Any CPU
		{D9A92A7A-216F-4BD4-AFE9-A2387C37A392}.Release|Any CPU.ActiveCfg = Release|Any CPU
		{D9A92A7A-216F-4BD4-AFE9-A2387C37A392}.Release|Any CPU.Build.0 = Release|Any CPU
		{D9A92A7A-216F-4BD4-AFE9-A2387C37A392}.Release|x64.ActiveCfg = Release|Any CPU
		{D9A92A7A-216F-4BD4-AFE9-A2387C37A392}.Release|x64.Build.0 = Release|Any CPU
		{D9A92A7A-216F-4BD4-AFE9-A2387C37A392}.Release|x86.ActiveCfg = Release|Any CPU
		{D9A92A7A-216F-4BD4-AFE9-A2387C37A392}.Release|x86.Build.0 = Release|Any CPU
		{85E14090-60E4-48CA-B034-D37677042E11}.Debug|Any CPU.ActiveCfg = Debug|Any CPU
		{85E14090-60E4-48CA-B034-D37677042E11}.Debug|Any CPU.Build.0 = Debug|Any CPU
		{85E14090-60E4-48CA-B034-D37677042E11}.Debug|x64.ActiveCfg = Debug|Any CPU
		{85E14090-60E4-48CA-B034-D37677042E11}.Debug|x64.Build.0 = Debug|Any CPU
		{85E14090-60E4-48CA-B034-D37677042E11}.Debug|x86.ActiveCfg = Debug|Any CPU
		{85E14090-60E4-48CA-B034-D37677042E11}.Debug|x86.Build.0 = Debug|Any CPU
		{85E14090-60E4-48CA-B034-D37677042E11}.Release|Any CPU.ActiveCfg = Release|Any CPU
		{85E14090-60E4-48CA-B034-D37677042E11}.Release|Any CPU.Build.0 = Release|Any CPU
		{85E14090-60E4-48CA-B034-D37677042E11}.Release|x64.ActiveCfg = Release|Any CPU
		{85E14090-60E4-48CA-B034-D37677042E11}.Release|x64.Build.0 = Release|Any CPU
		{85E14090-60E4-48CA-B034-D37677042E11}.Release|x86.ActiveCfg = Release|Any CPU
		{85E14090-60E4-48CA-B034-D37677042E11}.Release|x86.Build.0 = Release|Any CPU
		{2A0CE89D-9EFE-4850-8E05-BE63CB8B525A}.Debug|Any CPU.ActiveCfg = Debug|Any CPU
		{2A0CE89D-9EFE-4850-8E05-BE63CB8B525A}.Debug|Any CPU.Build.0 = Debug|Any CPU
		{2A0CE89D-9EFE-4850-8E05-BE63CB8B525A}.Debug|x64.ActiveCfg = Debug|Any CPU
		{2A0CE89D-9EFE-4850-8E05-BE63CB8B525A}.Debug|x64.Build.0 = Debug|Any CPU
		{2A0CE89D-9EFE-4850-8E05-BE63CB8B525A}.Debug|x86.ActiveCfg = Debug|Any CPU
		{2A0CE89D-9EFE-4850-8E05-BE63CB8B525A}.Debug|x86.Build.0 = Debug|Any CPU
		{2A0CE89D-9EFE-4850-8E05-BE63CB8B525A}.Release|Any CPU.ActiveCfg = Release|Any CPU
		{2A0CE89D-9EFE-4850-8E05-BE63CB8B525A}.Release|Any CPU.Build.0 = Release|Any CPU
		{2A0CE89D-9EFE-4850-8E05-BE63CB8B525A}.Release|x64.ActiveCfg = Release|Any CPU
		{2A0CE89D-9EFE-4850-8E05-BE63CB8B525A}.Release|x64.Build.0 = Release|Any CPU
		{2A0CE89D-9EFE-4850-8E05-BE63CB8B525A}.Release|x86.ActiveCfg = Release|Any CPU
		{2A0CE89D-9EFE-4850-8E05-BE63CB8B525A}.Release|x86.Build.0 = Release|Any CPU
		{DB33FDBA-BCA9-4435-B67F-F8C401FE44E4}.Debug|Any CPU.ActiveCfg = Debug|Any CPU
		{DB33FDBA-BCA9-4435-B67F-F8C401FE44E4}.Debug|Any CPU.Build.0 = Debug|Any CPU
		{DB33FDBA-BCA9-4435-B67F-F8C401FE44E4}.Debug|x64.ActiveCfg = Debug|Any CPU
		{DB33FDBA-BCA9-4435-B67F-F8C401FE44E4}.Debug|x64.Build.0 = Debug|Any CPU
		{DB33FDBA-BCA9-4435-B67F-F8C401FE44E4}.Debug|x86.ActiveCfg = Debug|Any CPU
		{DB33FDBA-BCA9-4435-B67F-F8C401FE44E4}.Debug|x86.Build.0 = Debug|Any CPU
		{DB33FDBA-BCA9-4435-B67F-F8C401FE44E4}.Release|Any CPU.ActiveCfg = Release|Any CPU
		{DB33FDBA-BCA9-4435-B67F-F8C401FE44E4}.Release|Any CPU.Build.0 = Release|Any CPU
		{DB33FDBA-BCA9-4435-B67F-F8C401FE44E4}.Release|x64.ActiveCfg = Release|Any CPU
		{DB33FDBA-BCA9-4435-B67F-F8C401FE44E4}.Release|x64.Build.0 = Release|Any CPU
		{DB33FDBA-BCA9-4435-B67F-F8C401FE44E4}.Release|x86.ActiveCfg = Release|Any CPU
		{DB33FDBA-BCA9-4435-B67F-F8C401FE44E4}.Release|x86.Build.0 = Release|Any CPU
		{1BC7FA4A-159D-436F-B487-2D8DFA45AB36}.Debug|Any CPU.ActiveCfg = Debug|Any CPU
		{1BC7FA4A-159D-436F-B487-2D8DFA45AB36}.Debug|Any CPU.Build.0 = Debug|Any CPU
		{1BC7FA4A-159D-436F-B487-2D8DFA45AB36}.Debug|x64.ActiveCfg = Debug|Any CPU
		{1BC7FA4A-159D-436F-B487-2D8DFA45AB36}.Debug|x64.Build.0 = Debug|Any CPU
		{1BC7FA4A-159D-436F-B487-2D8DFA45AB36}.Debug|x86.ActiveCfg = Debug|Any CPU
		{1BC7FA4A-159D-436F-B487-2D8DFA45AB36}.Debug|x86.Build.0 = Debug|Any CPU
		{1BC7FA4A-159D-436F-B487-2D8DFA45AB36}.Release|Any CPU.ActiveCfg = Release|Any CPU
		{1BC7FA4A-159D-436F-B487-2D8DFA45AB36}.Release|Any CPU.Build.0 = Release|Any CPU
		{1BC7FA4A-159D-436F-B487-2D8DFA45AB36}.Release|x64.ActiveCfg = Release|Any CPU
		{1BC7FA4A-159D-436F-B487-2D8DFA45AB36}.Release|x64.Build.0 = Release|Any CPU
		{1BC7FA4A-159D-436F-B487-2D8DFA45AB36}.Release|x86.ActiveCfg = Release|Any CPU
		{1BC7FA4A-159D-436F-B487-2D8DFA45AB36}.Release|x86.Build.0 = Release|Any CPU
		{EF404A9F-4259-4487-A57A-15926A582C5C}.Debug|Any CPU.ActiveCfg = Debug|Any CPU
		{EF404A9F-4259-4487-A57A-15926A582C5C}.Debug|Any CPU.Build.0 = Debug|Any CPU
		{EF404A9F-4259-4487-A57A-15926A582C5C}.Debug|x64.ActiveCfg = Debug|Any CPU
		{EF404A9F-4259-4487-A57A-15926A582C5C}.Debug|x64.Build.0 = Debug|Any CPU
		{EF404A9F-4259-4487-A57A-15926A582C5C}.Debug|x86.ActiveCfg = Debug|Any CPU
		{EF404A9F-4259-4487-A57A-15926A582C5C}.Debug|x86.Build.0 = Debug|Any CPU
		{EF404A9F-4259-4487-A57A-15926A582C5C}.Release|Any CPU.ActiveCfg = Release|Any CPU
		{EF404A9F-4259-4487-A57A-15926A582C5C}.Release|Any CPU.Build.0 = Release|Any CPU
		{EF404A9F-4259-4487-A57A-15926A582C5C}.Release|x64.ActiveCfg = Release|Any CPU
		{EF404A9F-4259-4487-A57A-15926A582C5C}.Release|x64.Build.0 = Release|Any CPU
		{EF404A9F-4259-4487-A57A-15926A582C5C}.Release|x86.ActiveCfg = Release|Any CPU
		{EF404A9F-4259-4487-A57A-15926A582C5C}.Release|x86.Build.0 = Release|Any CPU
		{BEE4996E-17EE-4CC2-8D3F-07B28957599C}.Debug|Any CPU.ActiveCfg = Debug|Any CPU
		{BEE4996E-17EE-4CC2-8D3F-07B28957599C}.Debug|Any CPU.Build.0 = Debug|Any CPU
		{BEE4996E-17EE-4CC2-8D3F-07B28957599C}.Debug|x64.ActiveCfg = Debug|Any CPU
		{BEE4996E-17EE-4CC2-8D3F-07B28957599C}.Debug|x64.Build.0 = Debug|Any CPU
		{BEE4996E-17EE-4CC2-8D3F-07B28957599C}.Debug|x86.ActiveCfg = Debug|Any CPU
		{BEE4996E-17EE-4CC2-8D3F-07B28957599C}.Debug|x86.Build.0 = Debug|Any CPU
		{BEE4996E-17EE-4CC2-8D3F-07B28957599C}.Release|Any CPU.ActiveCfg = Release|Any CPU
		{BEE4996E-17EE-4CC2-8D3F-07B28957599C}.Release|Any CPU.Build.0 = Release|Any CPU
		{BEE4996E-17EE-4CC2-8D3F-07B28957599C}.Release|x64.ActiveCfg = Release|Any CPU
		{BEE4996E-17EE-4CC2-8D3F-07B28957599C}.Release|x64.Build.0 = Release|Any CPU
		{BEE4996E-17EE-4CC2-8D3F-07B28957599C}.Release|x86.ActiveCfg = Release|Any CPU
		{BEE4996E-17EE-4CC2-8D3F-07B28957599C}.Release|x86.Build.0 = Release|Any CPU
	EndGlobalSection
	GlobalSection(SolutionProperties) = preSolution
		HideSolutionNode = FALSE
	EndGlobalSection
EndGlobal
