
Microsoft Visual Studio Solution File, Format Version 12.00
# Visual Studio Version 17
VisualStudioVersion = 17.0.31903.59
MinimumVisualStudioVersion = 10.0.40219.1
Project("{FAE04EC0-301F-11D3-BF4B-00C04F79EFBC}") = "Picea.Abies", "Picea.Abies\Picea.Abies.csproj", "{A1B2C3D4-0001-0001-0001-000000000001}"
EndProject
Project("{FAE04EC0-301F-11D3-BF4B-00C04F79EFBC}") = "Picea.Abies.Browser", "Picea.Abies.Browser\Picea.Abies.Browser.csproj", "{A1B2C3D4-0002-0002-0002-000000000002}"
EndProject
Project("{FAE04EC0-301F-11D3-BF4B-00C04F79EFBC}") = "Picea.Abies.Server", "Picea.Abies.Server\Picea.Abies.Server.csproj", "{A1B2C3D4-0003-0003-0003-000000000003}"
EndProject
Project("{FAE04EC0-301F-11D3-BF4B-00C04F79EFBC}") = "Picea.Abies.Server.Kestrel", "Picea.Abies.Server.Kestrel\Picea.Abies.Server.Kestrel.csproj", "{A1B2C3D4-0004-0004-0004-000000000004}"
EndProject
Project("{FAE04EC0-301F-11D3-BF4B-00C04F79EFBC}") = "Picea.Abies.Tests", "Picea.Abies.Tests\Picea.Abies.Tests.csproj", "{A1B2C3D4-0005-0005-0005-000000000005}"
EndProject
Project("{FAE04EC0-301F-11D3-BF4B-00C04F79EFBC}") = "Picea.Abies.Server.Tests", "Picea.Abies.Server.Tests\Picea.Abies.Server.Tests.csproj", "{A1B2C3D4-0006-0006-0006-000000000006}"
EndProject
Project("{FAE04EC0-301F-11D3-BF4B-00C04F79EFBC}") = "Picea.Abies.Server.Kestrel.Tests", "Picea.Abies.Server.Kestrel.Tests\Picea.Abies.Server.Kestrel.Tests.csproj", "{A1B2C3D4-0007-0007-0007-000000000007}"
EndProject
Project("{FAE04EC0-301F-11D3-BF4B-00C04F79EFBC}") = "Picea.Abies.Counter", "Picea.Abies.Counter\Picea.Abies.Counter.csproj", "{A1B2C3D4-0008-0008-0008-000000000008}"
EndProject
Project("{FAE04EC0-301F-11D3-BF4B-00C04F79EFBC}") = "Picea.Abies.Counter.Wasm", "Picea.Abies.Counter.Wasm\Picea.Abies.Counter.Wasm.csproj", "{A1B2C3D4-0009-0009-0009-000000000009}"
EndProject
Project("{FAE04EC0-301F-11D3-BF4B-00C04F79EFBC}") = "Picea.Abies.Counter.Wasm.Host", "Picea.Abies.Counter.Wasm.Host\Picea.Abies.Counter.Wasm.Host.csproj", "{A1B2C3D4-000A-000A-000A-00000000000A}"
EndProject
Project("{FAE04EC0-301F-11D3-BF4B-00C04F79EFBC}") = "Picea.Abies.Counter.Server", "Picea.Abies.Counter.Server\Picea.Abies.Counter.Server.csproj", "{A1B2C3D4-000B-000B-000B-00000000000B}"
EndProject
Project("{FAE04EC0-301F-11D3-BF4B-00C04F79EFBC}") = "Picea.Abies.Counter.Testing.E2E", "Picea.Abies.Counter.Testing.E2E\Picea.Abies.Counter.Testing.E2E.csproj", "{A1B2C3D4-000C-000C-000C-00000000000C}"
EndProject
Project("{FAE04EC0-301F-11D3-BF4B-00C04F79EFBC}") = "Picea.Abies.Conduit", "Picea.Abies.Conduit\Picea.Abies.Conduit.csproj", "{A1B2C3D4-000D-000D-000D-00000000000D}"
EndProject
Project("{FAE04EC0-301F-11D3-BF4B-00C04F79EFBC}") = "Picea.Abies.Conduit.App", "Picea.Abies.Conduit.App\Picea.Abies.Conduit.App.csproj", "{A1B2C3D4-000E-000E-000E-00000000000E}"
EndProject
Project("{FAE04EC0-301F-11D3-BF4B-00C04F79EFBC}") = "Picea.Abies.Conduit.Api", "Picea.Abies.Conduit.Api\Picea.Abies.Conduit.Api.csproj", "{A1B2C3D4-000F-000F-000F-00000000000F}"
EndProject
Project("{FAE04EC0-301F-11D3-BF4B-00C04F79EFBC}") = "Picea.Abies.Conduit.Wasm", "Picea.Abies.Conduit.Wasm\Picea.Abies.Conduit.Wasm.csproj", "{A1B2C3D4-0010-0010-0010-000000000010}"
EndProject
Project("{FAE04EC0-301F-11D3-BF4B-00C04F79EFBC}") = "Picea.Abies.Conduit.Server", "Picea.Abies.Conduit.Server\Picea.Abies.Conduit.Server.csproj", "{A1B2C3D4-0011-0011-0011-000000000011}"
EndProject
Project("{FAE04EC0-301F-11D3-BF4B-00C04F79EFBC}") = "Picea.Abies.Conduit.Tests", "Picea.Abies.Conduit.Tests\Picea.Abies.Conduit.Tests.csproj", "{A1B2C3D4-0012-0012-0012-000000000012}"
EndProject
Project("{FAE04EC0-301F-11D3-BF4B-00C04F79EFBC}") = "Picea.Abies.Conduit.Wasm.Tests", "Picea.Abies.Conduit.Wasm.Tests\Picea.Abies.Conduit.Wasm.Tests.csproj", "{A1B2C3D4-0013-0013-0013-000000000013}"
EndProject
Project("{FAE04EC0-301F-11D3-BF4B-00C04F79EFBC}") = "Picea.Abies.Conduit.Api.Tests", "Picea.Abies.Conduit.Api.Tests\Picea.Abies.Conduit.Api.Tests.csproj", "{A1B2C3D4-0014-0014-0014-000000000014}"
EndProject
Project("{FAE04EC0-301F-11D3-BF4B-00C04F79EFBC}") = "Picea.Abies.Conduit.ReadStore.PostgreSQL", "Picea.Abies.Conduit.ReadStore.PostgreSQL\Picea.Abies.Conduit.ReadStore.PostgreSQL.csproj", "{A1B2C3D4-0015-0015-0015-000000000015}"
EndProject
Project("{FAE04EC0-301F-11D3-BF4B-00C04F79EFBC}") = "Picea.Abies.Conduit.ReadStore.PostgreSQL.Tests", "Picea.Abies.Conduit.ReadStore.PostgreSQL.Tests\Picea.Abies.Conduit.ReadStore.PostgreSQL.Tests.csproj", "{A1B2C3D4-0016-0016-0016-000000000016}"
EndProject
Project("{FAE04EC0-301F-11D3-BF4B-00C04F79EFBC}") = "Picea.Abies.Conduit.Testing.E2E", "Picea.Abies.Conduit.Testing.E2E\Picea.Abies.Conduit.Testing.E2E.csproj", "{A1B2C3D4-0017-0017-0017-000000000017}"
EndProject
Project("{FAE04EC0-301F-11D3-BF4B-00C04F79EFBC}") = "Picea.Abies.Analyzers", "Picea.Abies.Analyzers\Picea.Abies.Analyzers.csproj", "{A1B2C3D4-0018-0018-0018-000000000018}"
EndProject
Project("{FAE04EC0-301F-11D3-BF4B-00C04F79EFBC}") = "Picea.Abies.Analyzers.Tests", "Picea.Abies.Analyzers.Tests\Picea.Abies.Analyzers.Tests.csproj", "{A1B2C3D4-0019-0019-0019-000000000019}"
EndProject
Project("{FAE04EC0-301F-11D3-BF4B-00C04F79EFBC}") = "Picea.Abies.Benchmarks", "Picea.Abies.Benchmarks\Picea.Abies.Benchmarks.csproj", "{A1B2C3D4-001A-001A-001A-00000000001A}"
EndProject
Project("{FAE04EC0-301F-11D3-BF4B-00C04F79EFBC}") = "Picea.Abies.Conduit.AppHost", "Picea.Abies.Conduit.AppHost\Picea.Abies.Conduit.AppHost.csproj", "{A1B2C3D4-001B-001B-001B-00000000001B}"
EndProject
Project("{FAE04EC0-301F-11D3-BF4B-00C04F79EFBC}") = "Picea.Abies.Conduit.ServiceDefaults", "Picea.Abies.Conduit.ServiceDefaults\Picea.Abies.Conduit.ServiceDefaults.csproj", "{A1B2C3D4-001C-001C-001C-00000000001C}"
EndProject
Project("{FAE04EC0-301F-11D3-BF4B-00C04F79EFBC}") = "Abies", "Metapackages\Abies\Abies.csproj", "{A1B2C3D4-001D-001D-001D-00000000001D}"
EndProject
Project("{FAE04EC0-301F-11D3-BF4B-00C04F79EFBC}") = "Abies.Browser", "Metapackages\Abies.Browser\Abies.Browser.csproj", "{A1B2C3D4-001E-001E-001E-00000000001E}"
EndProject
Project("{FAE04EC0-301F-11D3-BF4B-00C04F79EFBC}") = "Abies.Server", "Metapackages\Abies.Server\Abies.Server.csproj", "{A1B2C3D4-001F-001F-001F-00000000001F}"
EndProject
Project("{FAE04EC0-301F-11D3-BF4B-00C04F79EFBC}") = "Picea.Abies.Presentation", "Picea.Abies.Presentation\Picea.Abies.Presentation.csproj", "{A1B2C3D4-0020-0020-0020-000000000020}"
EndProject
Project("{FAE04EC0-301F-11D3-BF4B-00C04F79EFBC}") = "Picea.Abies.SubscriptionsDemo", "Picea.Abies.SubscriptionsDemo\Picea.Abies.SubscriptionsDemo.csproj", "{A1B2C3D4-0021-0021-0021-000000000021}"
EndProject
Project("{FAE04EC0-301F-11D3-BF4B-00C04F79EFBC}") = "Picea.Abies.Templates", "Picea.Abies.Templates\Picea.Abies.Templates.csproj", "{A1B2C3D4-0022-0022-0022-000000000022}"
EndProject
Global
	GlobalSection(SolutionConfigurationPlatforms) = preSolution
		Debug|Any CPU = Debug|Any CPU
		Release|Any CPU = Release|Any CPU
	EndGlobalSection
	GlobalSection(ProjectConfigurationPlatforms) = postSolution
		{A1B2C3D4-0001-0001-0001-000000000001}.Debug|Any CPU.ActiveCfg = Debug|Any CPU
		{A1B2C3D4-0001-0001-0001-000000000001}.Debug|Any CPU.Build.0 = Debug|Any CPU
		{A1B2C3D4-0001-0001-0001-000000000001}.Release|Any CPU.ActiveCfg = Release|Any CPU
		{A1B2C3D4-0001-0001-0001-000000000001}.Release|Any CPU.Build.0 = Release|Any CPU
		{A1B2C3D4-0002-0002-0002-000000000002}.Debug|Any CPU.ActiveCfg = Debug|Any CPU
		{A1B2C3D4-0002-0002-0002-000000000002}.Debug|Any CPU.Build.0 = Debug|Any CPU
		{A1B2C3D4-0002-0002-0002-000000000002}.Release|Any CPU.ActiveCfg = Release|Any CPU
		{A1B2C3D4-0002-0002-0002-000000000002}.Release|Any CPU.Build.0 = Release|Any CPU
		{A1B2C3D4-0003-0003-0003-000000000003}.Debug|Any CPU.ActiveCfg = Debug|Any CPU
		{A1B2C3D4-0003-0003-0003-000000000003}.Debug|Any CPU.Build.0 = Debug|Any CPU
		{A1B2C3D4-0003-0003-0003-000000000003}.Release|Any CPU.ActiveCfg = Release|Any CPU
		{A1B2C3D4-0003-0003-0003-000000000003}.Release|Any CPU.Build.0 = Release|Any CPU
		{A1B2C3D4-0004-0004-0004-000000000004}.Debug|Any CPU.ActiveCfg = Debug|Any CPU
		{A1B2C3D4-0004-0004-0004-000000000004}.Debug|Any CPU.Build.0 = Debug|Any CPU
		{A1B2C3D4-0004-0004-0004-000000000004}.Release|Any CPU.ActiveCfg = Release|Any CPU
		{A1B2C3D4-0004-0004-0004-000000000004}.Release|Any CPU.Build.0 = Release|Any CPU
		{A1B2C3D4-0005-0005-0005-000000000005}.Debug|Any CPU.ActiveCfg = Debug|Any CPU
		{A1B2C3D4-0005-0005-0005-000000000005}.Debug|Any CPU.Build.0 = Debug|Any CPU
		{A1B2C3D4-0005-0005-0005-000000000005}.Release|Any CPU.ActiveCfg = Release|Any CPU
		{A1B2C3D4-0005-0005-0005-000000000005}.Release|Any CPU.Build.0 = Release|Any CPU
		{A1B2C3D4-0006-0006-0006-000000000006}.Debug|Any CPU.ActiveCfg = Debug|Any CPU
		{A1B2C3D4-0006-0006-0006-000000000006}.Debug|Any CPU.Build.0 = Debug|Any CPU
		{A1B2C3D4-0006-0006-0006-000000000006}.Release|Any CPU.ActiveCfg = Release|Any CPU
		{A1B2C3D4-0006-0006-0006-000000000006}.Release|Any CPU.Build.0 = Release|Any CPU
		{A1B2C3D4-0007-0007-0007-000000000007}.Debug|Any CPU.ActiveCfg = Debug|Any CPU
		{A1B2C3D4-0007-0007-0007-000000000007}.Debug|Any CPU.Build.0 = Debug|Any CPU
		{A1B2C3D4-0007-0007-0007-000000000007}.Release|Any CPU.ActiveCfg = Release|Any CPU
		{A1B2C3D4-0007-0007-0007-000000000007}.Release|Any CPU.Build.0 = Release|Any CPU
		{A1B2C3D4-0008-0008-0008-000000000008}.Debug|Any CPU.ActiveCfg = Debug|Any CPU
		{A1B2C3D4-0008-0008-0008-000000000008}.Debug|Any CPU.Build.0 = Debug|Any CPU
		{A1B2C3D4-0008-0008-0008-000000000008}.Release|Any CPU.ActiveCfg = Release|Any CPU
		{A1B2C3D4-0008-0008-0008-000000000008}.Release|Any CPU.Build.0 = Release|Any CPU
		{A1B2C3D4-0009-0009-0009-000000000009}.Debug|Any CPU.ActiveCfg = Debug|Any CPU
		{A1B2C3D4-0009-0009-0009-000000000009}.Debug|Any CPU.Build.0 = Debug|Any CPU
		{A1B2C3D4-0009-0009-0009-000000000009}.Release|Any CPU.ActiveCfg = Release|Any CPU
		{A1B2C3D4-0009-0009-0009-000000000009}.Release|Any CPU.Build.0 = Release|Any CPU
		{A1B2C3D4-000A-000A-000A-00000000000A}.Debug|Any CPU.ActiveCfg = Debug|Any CPU
		{A1B2C3D4-000A-000A-000A-00000000000A}.Debug|Any CPU.Build.0 = Debug|Any CPU
		{A1B2C3D4-000A-000A-000A-00000000000A}.Release|Any CPU.ActiveCfg = Release|Any CPU
		{A1B2C3D4-000A-000A-000A-00000000000A}.Release|Any CPU.Build.0 = Release|Any CPU
		{A1B2C3D4-000B-000B-000B-00000000000B}.Debug|Any CPU.ActiveCfg = Debug|Any CPU
		{A1B2C3D4-000B-000B-000B-00000000000B}.Debug|Any CPU.Build.0 = Debug|Any CPU
		{A1B2C3D4-000B-000B-000B-00000000000B}.Release|Any CPU.ActiveCfg = Release|Any CPU
		{A1B2C3D4-000B-000B-000B-00000000000B}.Release|Any CPU.Build.0 = Release|Any CPU
		{A1B2C3D4-000C-000C-000C-00000000000C}.Debug|Any CPU.ActiveCfg = Debug|Any CPU
		{A1B2C3D4-000C-000C-000C-00000000000C}.Debug|Any CPU.Build.0 = Debug|Any CPU
		{A1B2C3D4-000C-000C-000C-00000000000C}.Release|Any CPU.ActiveCfg = Release|Any CPU
		{A1B2C3D4-000C-000C-000C-00000000000C}.Release|Any CPU.Build.0 = Release|Any CPU
		{A1B2C3D4-000D-000D-000D-00000000000D}.Debug|Any CPU.ActiveCfg = Debug|Any CPU
		{A1B2C3D4-000D-000D-000D-00000000000D}.Debug|Any CPU.Build.0 = Debug|Any CPU
		{A1B2C3D4-000D-000D-000D-00000000000D}.Release|Any CPU.ActiveCfg = Release|Any CPU
		{A1B2C3D4-000D-000D-000D-00000000000D}.Release|Any CPU.Build.0 = Release|Any CPU
		{A1B2C3D4-000E-000E-000E-00000000000E}.Debug|Any CPU.ActiveCfg = Debug|Any CPU
		{A1B2C3D4-000E-000E-000E-00000000000E}.Debug|Any CPU.Build.0 = Debug|Any CPU
		{A1B2C3D4-000E-000E-000E-00000000000E}.Release|Any CPU.ActiveCfg = Release|Any CPU
		{A1B2C3D4-000E-000E-000E-00000000000E}.Release|Any CPU.Build.0 = Release|Any CPU
		{A1B2C3D4-000F-000F-000F-00000000000F}.Debug|Any CPU.ActiveCfg = Debug|Any CPU
		{A1B2C3D4-000F-000F-000F-00000000000F}.Debug|Any CPU.Build.0 = Debug|Any CPU
		{A1B2C3D4-000F-000F-000F-00000000000F}.Release|Any CPU.ActiveCfg = Release|Any CPU
		{A1B2C3D4-000F-000F-000F-00000000000F}.Release|Any CPU.Build.0 = Release|Any CPU
		{A1B2C3D4-0010-0010-0010-000000000010}.Debug|Any CPU.ActiveCfg = Debug|Any CPU
		{A1B2C3D4-0010-0010-0010-000000000010}.Debug|Any CPU.Build.0 = Debug|Any CPU
		{A1B2C3D4-0010-0010-0010-000000000010}.Release|Any CPU.ActiveCfg = Release|Any CPU
		{A1B2C3D4-0010-0010-0010-000000000010}.Release|Any CPU.Build.0 = Release|Any CPU
		{A1B2C3D4-0011-0011-0011-000000000011}.Debug|Any CPU.ActiveCfg = Debug|Any CPU
		{A1B2C3D4-0011-0011-0011-000000000011}.Debug|Any CPU.Build.0 = Debug|Any CPU
		{A1B2C3D4-0011-0011-0011-000000000011}.Release|Any CPU.ActiveCfg = Release|Any CPU
		{A1B2C3D4-0011-0011-0011-000000000011}.Release|Any CPU.Build.0 = Release|Any CPU
		{A1B2C3D4-0012-0012-0012-000000000012}.Debug|Any CPU.ActiveCfg = Debug|Any CPU
		{A1B2C3D4-0012-0012-0012-000000000012}.Debug|Any CPU.Build.0 = Debug|Any CPU
		{A1B2C3D4-0012-0012-0012-000000000012}.Release|Any CPU.ActiveCfg = Release|Any CPU
		{A1B2C3D4-0012-0012-0012-000000000012}.Release|Any CPU.Build.0 = Release|Any CPU
		{A1B2C3D4-0013-0013-0013-000000000013}.Debug|Any CPU.ActiveCfg = Debug|Any CPU
		{A1B2C3D4-0013-0013-0013-000000000013}.Debug|Any CPU.Build.0 = Debug|Any CPU
		{A1B2C3D4-0013-0013-0013-000000000013}.Release|Any CPU.ActiveCfg = Release|Any CPU
		{A1B2C3D4-0013-0013-0013-000000000013}.Release|Any CPU.Build.0 = Release|Any CPU
		{A1B2C3D4-0014-0014-0014-000000000014}.Debug|Any CPU.ActiveCfg = Debug|Any CPU
		{A1B2C3D4-0014-0014-0014-000000000014}.Debug|Any CPU.Build.0 = Debug|Any CPU
		{A1B2C3D4-0014-0014-0014-000000000014}.Release|Any CPU.ActiveCfg = Release|Any CPU
		{A1B2C3D4-0014-0014-0014-000000000014}.Release|Any CPU.Build.0 = Release|Any CPU
		{A1B2C3D4-0015-0015-0015-000000000015}.Debug|Any CPU.ActiveCfg = Debug|Any CPU
		{A1B2C3D4-0015-0015-0015-000000000015}.Debug|Any CPU.Build.0 = Debug|Any CPU
		{A1B2C3D4-0015-0015-0015-000000000015}.Release|Any CPU.ActiveCfg = Release|Any CPU
		{A1B2C3D4-0015-0015-0015-000000000015}.Release|Any CPU.Build.0 = Release|Any CPU
		{A1B2C3D4-0016-0016-0016-000000000016}.Debug|Any CPU.ActiveCfg = Debug|Any CPU
		{A1B2C3D4-0016-0016-0016-000000000016}.Debug|Any CPU.Build.0 = Debug|Any CPU
		{A1B2C3D4-0016-0016-0016-000000000016}.Release|Any CPU.ActiveCfg = Release|Any CPU
		{A1B2C3D4-0016-0016-0016-000000000016}.Release|Any CPU.Build.0 = Release|Any CPU
		{A1B2C3D4-0017-0017-0017-000000000017}.Debug|Any CPU.ActiveCfg = Debug|Any CPU
		{A1B2C3D4-0017-0017-0017-000000000017}.Debug|Any CPU.Build.0 = Debug|Any CPU
		{A1B2C3D4-0017-0017-0017-000000000017}.Release|Any CPU.ActiveCfg = Release|Any CPU
		{A1B2C3D4-0017-0017-0017-000000000017}.Release|Any CPU.Build.0 = Release|Any CPU
		{A1B2C3D4-0018-0018-0018-000000000018}.Debug|Any CPU.ActiveCfg = Debug|Any CPU
		{A1B2C3D4-0018-0018-0018-000000000018}.Debug|Any CPU.Build.0 = Debug|Any CPU
		{A1B2C3D4-0018-0018-0018-000000000018}.Release|Any CPU.ActiveCfg = Release|Any CPU
		{A1B2C3D4-0018-0018-0018-000000000018}.Release|Any CPU.Build.0 = Release|Any CPU
		{A1B2C3D4-0019-0019-0019-000000000019}.Debug|Any CPU.ActiveCfg = Debug|Any CPU
		{A1B2C3D4-0019-0019-0019-000000000019}.Debug|Any CPU.Build.0 = Debug|Any CPU
		{A1B2C3D4-0019-0019-0019-000000000019}.Release|Any CPU.ActiveCfg = Release|Any CPU
		{A1B2C3D4-0019-0019-0019-000000000019}.Release|Any CPU.Build.0 = Release|Any CPU
		{A1B2C3D4-001A-001A-001A-00000000001A}.Debug|Any CPU.ActiveCfg = Debug|Any CPU
		{A1B2C3D4-001A-001A-001A-00000000001A}.Debug|Any CPU.Build.0 = Debug|Any CPU
		{A1B2C3D4-001A-001A-001A-00000000001A}.Release|Any CPU.ActiveCfg = Release|Any CPU
		{A1B2C3D4-001A-001A-001A-00000000001A}.Release|Any CPU.Build.0 = Release|Any CPU
		{A1B2C3D4-001B-001B-001B-00000000001B}.Debug|Any CPU.ActiveCfg = Debug|Any CPU
		{A1B2C3D4-001B-001B-001B-00000000001B}.Debug|Any CPU.Build.0 = Debug|Any CPU
		{A1B2C3D4-001B-001B-001B-00000000001B}.Release|Any CPU.ActiveCfg = Release|Any CPU
		{A1B2C3D4-001B-001B-001B-00000000001B}.Release|Any CPU.Build.0 = Release|Any CPU
		{A1B2C3D4-001C-001C-001C-00000000001C}.Debug|Any CPU.ActiveCfg = Debug|Any CPU
		{A1B2C3D4-001C-001C-001C-00000000001C}.Debug|Any CPU.Build.0 = Debug|Any CPU
		{A1B2C3D4-001C-001C-001C-00000000001C}.Release|Any CPU.ActiveCfg = Release|Any CPU
		{A1B2C3D4-001C-001C-001C-00000000001C}.Release|Any CPU.Build.0 = Release|Any CPU
		{A1B2C3D4-001D-001D-001D-00000000001D}.Debug|Any CPU.ActiveCfg = Debug|Any CPU
		{A1B2C3D4-001D-001D-001D-00000000001D}.Debug|Any CPU.Build.0 = Debug|Any CPU
		{A1B2C3D4-001D-001D-001D-00000000001D}.Release|Any CPU.ActiveCfg = Release|Any CPU
		{A1B2C3D4-001D-001D-001D-00000000001D}.Release|Any CPU.Build.0 = Release|Any CPU
		{A1B2C3D4-001E-001E-001E-00000000001E}.Debug|Any CPU.ActiveCfg = Debug|Any CPU
		{A1B2C3D4-001E-001E-001E-00000000001E}.Debug|Any CPU.Build.0 = Debug|Any CPU
		{A1B2C3D4-001E-001E-001E-00000000001E}.Release|Any CPU.ActiveCfg = Release|Any CPU
		{A1B2C3D4-001E-001E-001E-00000000001E}.Release|Any CPU.Build.0 = Release|Any CPU
		{A1B2C3D4-001F-001F-001F-00000000001F}.Debug|Any CPU.ActiveCfg = Debug|Any CPU
		{A1B2C3D4-001F-001F-001F-00000000001F}.Debug|Any CPU.Build.0 = Debug|Any CPU
		{A1B2C3D4-001F-001F-001F-00000000001F}.Release|Any CPU.ActiveCfg = Release|Any CPU
		{A1B2C3D4-001F-001F-001F-00000000001F}.Release|Any CPU.Build.0 = Release|Any CPU
		{A1B2C3D4-0020-0020-0020-000000000020}.Debug|Any CPU.ActiveCfg = Debug|Any CPU
		{A1B2C3D4-0020-0020-0020-000000000020}.Debug|Any CPU.Build.0 = Debug|Any CPU
		{A1B2C3D4-0020-0020-0020-000000000020}.Release|Any CPU.ActiveCfg = Release|Any CPU
		{A1B2C3D4-0020-0020-0020-000000000020}.Release|Any CPU.Build.0 = Release|Any CPU
		{A1B2C3D4-0021-0021-0021-000000000021}.Debug|Any CPU.ActiveCfg = Debug|Any CPU
		{A1B2C3D4-0021-0021-0021-000000000021}.Debug|Any CPU.Build.0 = Debug|Any CPU
		{A1B2C3D4-0021-0021-0021-000000000021}.Release|Any CPU.ActiveCfg = Release|Any CPU
		{A1B2C3D4-0021-0021-0021-000000000021}.Release|Any CPU.Build.0 = Release|Any CPU
		{A1B2C3D4-0022-0022-0022-000000000022}.Debug|Any CPU.ActiveCfg = Debug|Any CPU
		{A1B2C3D4-0022-0022-0022-000000000022}.Debug|Any CPU.Build.0 = Debug|Any CPU
		{A1B2C3D4-0022-0022-0022-000000000022}.Release|Any CPU.ActiveCfg = Release|Any CPU
		{A1B2C3D4-0022-0022-0022-000000000022}.Release|Any CPU.Build.0 = Release|Any CPU
	EndGlobalSection
EndGlobal
